
Microsoft Visual Studio Solution File, Format Version 12.00
# Visual Studio Version 17
VisualStudioVersion = 17.7.34031.279
MinimumVisualStudioVersion = 10.0.40219.1
Project("{9A19103F-16F7-4668-BE54-9A1E7A4F7556}") = "YetAnotherGarminConnectClient", "src\YetAnotherGarminConnectClient.csproj", "{C07A15E4-C002-4AA2-A82A-504B1E8A1568}"
EndProject
Project("{9A19103F-16F7-4668-BE54-9A1E7A4F7556}") = "YetAnotherGarminConnectClient.Tests", "tests\YetAnotherGarminConnectClient.Tests.csproj", "{6423FD40-D1DF-4A4A-B6C6-CCA259DF6847}"
EndProject
Project("{9A19103F-16F7-4668-BE54-9A1E7A4F7556}") = "Api", "Api\Api.csproj", "{2E21DD52-E98C-49BC-B2A4-E05C4B3271AB}"
EndProject
Project("{FAE04EC0-301F-11D3-BF4B-00C04F79EFBC}") = "YAGCC", "YAGCC\YAGCC.csproj", "{58BE670A-0FD2-4290-B13C-1809AB541174}"
EndProject
Project("{2150E333-8FDC-42A3-9474-1A3956D46DE8}") = ".github", ".github", "{02EA681E-C7D8-13C7-8484-4AC65E1B71E8}"
EndProject
Project("{2150E333-8FDC-42A3-9474-1A3956D46DE8}") = "workflows", "workflows", "{BF394D3C-A9CF-41BD-A009-295DB7A04546}"
	ProjectSection(SolutionItems) = preProject
		.github\workflows\docker-publish.yml = .github\workflows\docker-publish.yml
	EndProjectSection
EndProject
Global
	GlobalSection(SolutionConfigurationPlatforms) = preSolution
		Debug|Any CPU = Debug|Any CPU
		Release|Any CPU = Release|Any CPU
	EndGlobalSection
	GlobalSection(ProjectConfigurationPlatforms) = postSolution
		{C07A15E4-C002-4AA2-A82A-504B1E8A1568}.Debug|Any CPU.ActiveCfg = Debug|Any CPU
		{C07A15E4-C002-4AA2-A82A-504B1E8A1568}.Debug|Any CPU.Build.0 = Debug|Any CPU
		{C07A15E4-C002-4AA2-A82A-504B1E8A1568}.Release|Any CPU.ActiveCfg = Release|Any CPU
		{C07A15E4-C002-4AA2-A82A-504B1E8A1568}.Release|Any CPU.Build.0 = Release|Any CPU
		{6423FD40-D1DF-4A4A-B6C6-CCA259DF6847}.Debug|Any CPU.ActiveCfg = Debug|Any CPU
		{6423FD40-D1DF-4A4A-B6C6-CCA259DF6847}.Debug|Any CPU.Build.0 = Debug|Any CPU
		{6423FD40-D1DF-4A4A-B6C6-CCA259DF6847}.Release|Any CPU.ActiveCfg = Release|Any CPU
		{6423FD40-D1DF-4A4A-B6C6-CCA259DF6847}.Release|Any CPU.Build.0 = Release|Any CPU
		{2E21DD52-E98C-49BC-B2A4-E05C4B3271AB}.Debug|Any CPU.ActiveCfg = Debug|Any CPU
		{2E21DD52-E98C-49BC-B2A4-E05C4B3271AB}.Debug|Any CPU.Build.0 = Debug|Any CPU
		{2E21DD52-E98C-49BC-B2A4-E05C4B3271AB}.Release|Any CPU.ActiveCfg = Release|Any CPU
		{2E21DD52-E98C-49BC-B2A4-E05C4B3271AB}.Release|Any CPU.Build.0 = Release|Any CPU
		{58BE670A-0FD2-4290-B13C-1809AB541174}.Debug|Any CPU.ActiveCfg = Debug|Any CPU
		{58BE670A-0FD2-4290-B13C-1809AB541174}.Debug|Any CPU.Build.0 = Debug|Any CPU
		{58BE670A-0FD2-4290-B13C-1809AB541174}.Release|Any CPU.ActiveCfg = Release|Any CPU
		{58BE670A-0FD2-4290-B13C-1809AB541174}.Release|Any CPU.Build.0 = Release|Any CPU
	EndGlobalSection
	GlobalSection(SolutionProperties) = preSolution
		HideSolutionNode = FALSE
	EndGlobalSection
	GlobalSection(NestedProjects) = preSolution
		{BF394D3C-A9CF-41BD-A009-295DB7A04546} = {02EA681E-C7D8-13C7-8484-4AC65E1B71E8}
	EndGlobalSection
	GlobalSection(ExtensibilityGlobals) = postSolution
		SolutionGuid = {DCA3DF59-F488-4E49-B981-DDFF63A26C71}
	EndGlobalSection
EndGlobal
